
Microsoft Visual Studio Solution File, Format Version 12.00
# Visual Studio Version 16
VisualStudioVersion = 16.0.29519.87
MinimumVisualStudioVersion = 10.0.40219.1
Project("{FAE04EC0-301F-11D3-BF4B-00C04F79EFBC}") = "FilesSaver", "FilesSaver\FilesSaver.csproj", "{768C6511-3E39-42B6-BD08-577BA52E3644}"
EndProject
Global
	GlobalSection(SolutionConfigurationPlatforms) = preSolution
		Debug|Any CPU = Debug|Any CPU
		Release|Any CPU = Release|Any CPU
	EndGlobalSection
	GlobalSection(ProjectConfigurationPlatforms) = postSolution
		{768C6511-3E39-42B6-BD08-577BA52E3644}.Debug|Any CPU.ActiveCfg = Debug|Any CPU
		{768C6511-3E39-42B6-BD08-577BA52E3644}.Debug|Any CPU.Build.0 = Debug|Any CPU
		{768C6511-3E39-42B6-BD08-577BA52E3644}.Release|Any CPU.ActiveCfg = Release|Any CPU
		{768C6511-3E39-42B6-BD08-577BA52E3644}.Release|Any CPU.Build.0 = Release|Any CPU
	EndGlobalSection
	GlobalSection(SolutionProperties) = preSolution
		HideSolutionNode = FALSE
	EndGlobalSection
	GlobalSection(ExtensibilityGlobals) = postSolution
		SolutionGuid = {1C5A75E3-0DAB-43D5-8CAA-CC5D8A017842}
	EndGlobalSection
EndGlobal
